
Microsoft Visual Studio Solution File, Format Version 12.00
Project("{F2A71F9B-5D33-465A-A702-920D77279786}") = "PMS.01.Domain", "PMS.01.Domain\PMS.01.Domain.fsproj", "{8CB95CCC-C9DD-4F05-82D4-22F1EDD4B88F}"
EndProject
Project("{F2A71F9B-5D33-465A-A702-920D77279786}") = "PMS.02.Controller", "PMS.02.Controller\PMS.02.Controller.fsproj", "{DA42F6F7-7F8C-45EB-84D7-B8694EA34F5D}"
EndProject
Project("{F2A71F9B-5D33-465A-A702-920D77279786}") = "PMS.14.Server.Tests", "PMS.03.Client\tests\Server\PMS.14.Server.Tests.fsproj", "{4D2C6D89-59EC-4881-99D8-C91A7D765B55}"
EndProject
Project("{F2A71F9B-5D33-465A-A702-920D77279786}") = "PMS.13.Shared.Tests", "PMS.03.Client\tests\Shared\PMS.13.Shared.Tests.fsproj", "{B888C036-DCF8-47A4-A2AD-35A9908C8897}"
EndProject
Project("{F2A71F9B-5D33-465A-A702-920D77279786}") = "PMS.15.Client.Tests", "PMS.03.Client\tests\Client\PMS.15.Client.Tests.fsproj", "{73368214-9555-41ED-B10C-6C91F6F1D7F0}"
EndProject
Project("{F2A71F9B-5D33-465A-A702-920D77279786}") = "PMS.04.Server", "PMS.03.Client\src\PMS.04.Server\PMS.04.Server.fsproj", "{DC52E5D9-BA09-48D9-9FBC-1881CCCCB29B}"
EndProject
Project("{F2A71F9B-5D33-465A-A702-920D77279786}") = "PMS.03.Shared", "PMS.03.Client\src\PMS.03.Shared\PMS.03.Shared.fsproj", "{24EFA710-AB4F-4F4F-9D1F-F6BBDA728301}"
EndProject
Project("{F2A71F9B-5D33-465A-A702-920D77279786}") = "PMS.05.Client", "PMS.03.Client\src\PMS.05.Client\PMS.05.Client.fsproj", "{89BB2B98-0D47-45BD-A6C3-6F40B44A27BB}"
EndProject
Global
	GlobalSection(SolutionConfigurationPlatforms) = preSolution
		Debug|Any CPU = Debug|Any CPU
		Release|Any CPU = Release|Any CPU
	EndGlobalSection
	GlobalSection(ProjectConfigurationPlatforms) = postSolution
		{8CB95CCC-C9DD-4F05-82D4-22F1EDD4B88F}.Debug|Any CPU.ActiveCfg = Debug|Any CPU
		{8CB95CCC-C9DD-4F05-82D4-22F1EDD4B88F}.Debug|Any CPU.Build.0 = Debug|Any CPU
		{8CB95CCC-C9DD-4F05-82D4-22F1EDD4B88F}.Release|Any CPU.ActiveCfg = Release|Any CPU
		{8CB95CCC-C9DD-4F05-82D4-22F1EDD4B88F}.Release|Any CPU.Build.0 = Release|Any CPU
		{DA42F6F7-7F8C-45EB-84D7-B8694EA34F5D}.Debug|Any CPU.ActiveCfg = Debug|Any CPU
		{DA42F6F7-7F8C-45EB-84D7-B8694EA34F5D}.Debug|Any CPU.Build.0 = Debug|Any CPU
		{DA42F6F7-7F8C-45EB-84D7-B8694EA34F5D}.Release|Any CPU.ActiveCfg = Release|Any CPU
		{DA42F6F7-7F8C-45EB-84D7-B8694EA34F5D}.Release|Any CPU.Build.0 = Release|Any CPU
		{4D2C6D89-59EC-4881-99D8-C91A7D765B55}.Debug|Any CPU.ActiveCfg = Debug|Any CPU
		{4D2C6D89-59EC-4881-99D8-C91A7D765B55}.Debug|Any CPU.Build.0 = Debug|Any CPU
		{4D2C6D89-59EC-4881-99D8-C91A7D765B55}.Release|Any CPU.ActiveCfg = Release|Any CPU
		{4D2C6D89-59EC-4881-99D8-C91A7D765B55}.Release|Any CPU.Build.0 = Release|Any CPU
		{B888C036-DCF8-47A4-A2AD-35A9908C8897}.Debug|Any CPU.ActiveCfg = Debug|Any CPU
		{B888C036-DCF8-47A4-A2AD-35A9908C8897}.Debug|Any CPU.Build.0 = Debug|Any CPU
		{B888C036-DCF8-47A4-A2AD-35A9908C8897}.Release|Any CPU.ActiveCfg = Release|Any CPU
		{B888C036-DCF8-47A4-A2AD-35A9908C8897}.Release|Any CPU.Build.0 = Release|Any CPU
		{73368214-9555-41ED-B10C-6C91F6F1D7F0}.Debug|Any CPU.ActiveCfg = Debug|Any CPU
		{73368214-9555-41ED-B10C-6C91F6F1D7F0}.Debug|Any CPU.Build.0 = Debug|Any CPU
		{73368214-9555-41ED-B10C-6C91F6F1D7F0}.Release|Any CPU.ActiveCfg = Release|Any CPU
		{73368214-9555-41ED-B10C-6C91F6F1D7F0}.Release|Any CPU.Build.0 = Release|Any CPU
		{DC52E5D9-BA09-48D9-9FBC-1881CCCCB29B}.Debug|Any CPU.ActiveCfg = Debug|Any CPU
		{DC52E5D9-BA09-48D9-9FBC-1881CCCCB29B}.Debug|Any CPU.Build.0 = Debug|Any CPU
		{DC52E5D9-BA09-48D9-9FBC-1881CCCCB29B}.Release|Any CPU.ActiveCfg = Release|Any CPU
		{DC52E5D9-BA09-48D9-9FBC-1881CCCCB29B}.Release|Any CPU.Build.0 = Release|Any CPU
		{24EFA710-AB4F-4F4F-9D1F-F6BBDA728301}.Debug|Any CPU.ActiveCfg = Debug|Any CPU
		{24EFA710-AB4F-4F4F-9D1F-F6BBDA728301}.Debug|Any CPU.Build.0 = Debug|Any CPU
		{24EFA710-AB4F-4F4F-9D1F-F6BBDA728301}.Release|Any CPU.ActiveCfg = Release|Any CPU
		{24EFA710-AB4F-4F4F-9D1F-F6BBDA728301}.Release|Any CPU.Build.0 = Release|Any CPU
		{89BB2B98-0D47-45BD-A6C3-6F40B44A27BB}.Debug|Any CPU.ActiveCfg = Debug|Any CPU
		{89BB2B98-0D47-45BD-A6C3-6F40B44A27BB}.Debug|Any CPU.Build.0 = Debug|Any CPU
		{89BB2B98-0D47-45BD-A6C3-6F40B44A27BB}.Release|Any CPU.ActiveCfg = Release|Any CPU
		{89BB2B98-0D47-45BD-A6C3-6F40B44A27BB}.Release|Any CPU.Build.0 = Release|Any CPU
	EndGlobalSection
	GlobalSection(NestedProjects) = preSolution
	EndGlobalSection
EndGlobal
