
Microsoft Visual Studio Solution File, Format Version 12.00
Project("{F2A71F9B-5D33-465A-A702-920D77279786}") = "Pms.Domain", "Pms.Domain\Pms.Domain.fsproj", "{8CB95CCC-C9DD-4F05-82D4-22F1EDD4B88F}"
EndProject
Project("{F2A71F9B-5D33-465A-A702-920D77279786}") = "PMS.Database", "PMS.Database\PMS.Database.fsproj", "{DA42F6F7-7F8C-45EB-84D7-B8694EA34F5D}"
EndProject
Global
	GlobalSection(SolutionConfigurationPlatforms) = preSolution
		Debug|Any CPU = Debug|Any CPU
		Release|Any CPU = Release|Any CPU
	EndGlobalSection
	GlobalSection(ProjectConfigurationPlatforms) = postSolution
		{8CB95CCC-C9DD-4F05-82D4-22F1EDD4B88F}.Debug|Any CPU.ActiveCfg = Debug|Any CPU
		{8CB95CCC-C9DD-4F05-82D4-22F1EDD4B88F}.Debug|Any CPU.Build.0 = Debug|Any CPU
		{8CB95CCC-C9DD-4F05-82D4-22F1EDD4B88F}.Release|Any CPU.ActiveCfg = Release|Any CPU
		{8CB95CCC-C9DD-4F05-82D4-22F1EDD4B88F}.Release|Any CPU.Build.0 = Release|Any CPU
		{DA42F6F7-7F8C-45EB-84D7-B8694EA34F5D}.Debug|Any CPU.ActiveCfg = Debug|Any CPU
		{DA42F6F7-7F8C-45EB-84D7-B8694EA34F5D}.Debug|Any CPU.Build.0 = Debug|Any CPU
		{DA42F6F7-7F8C-45EB-84D7-B8694EA34F5D}.Release|Any CPU.ActiveCfg = Release|Any CPU
		{DA42F6F7-7F8C-45EB-84D7-B8694EA34F5D}.Release|Any CPU.Build.0 = Release|Any CPU
	EndGlobalSection
	GlobalSection(NestedProjects) = preSolution
	EndGlobalSection
EndGlobal
